# THIS IS AN AUTOGENERATED FILE. DO NOT EDIT THIS FILE DIRECTLY.
# yarn lockfile v1


colors@^1.1.2:
  version "1.1.2"
  resolved "https://registry.yarnpkg.com/colors/-/colors-1.1.2.tgz#168a4701756b6a7f51a12ce0c97bfa28c084ed63"

rsync@^0.6.1:
  version "0.6.1"
  resolved "https://registry.yarnpkg.com/rsync/-/rsync-0.6.1.tgz#3681a0098bd8750448f8bf9da1fee09f7763742b"
