# THIS IS AN AUTOGENERATED FILE. DO NOT EDIT THIS FILE DIRECTLY.
# yarn lockfile v1


f2b@^1.0.0:
  version "1.0.0"
  resolved "https://registry.yarnpkg.com/f2b/-/f2b-1.0.0.tgz#1958c18cae9fcd0d5cbc45cd161c0c247da7fc40"
  dependencies:
    rsync "^0.6.1"

rsync@^0.6.1:
  version "0.6.1"
  resolved "https://registry.yarnpkg.com/rsync/-/rsync-0.6.1.tgz#3681a0098bd8750448f8bf9da1fee09f7763742b"
